// !$*UTF8*$!
{
	archiveVersion = 1;
	classes = {
	};
	objectVersion = 55;
	objects = {

/* Begin PBXBuildFile section */
		72C182C6279BDE8C002D8827 /* AppDelegate.swift in Sources */ = {isa = PBXBuildFile; fileRef = 72C182C5279BDE8C002D8827 /* AppDelegate.swift */; };
		72C182C8279BDE8C002D8827 /* SceneDelegate.swift in Sources */ = {isa = PBXBuildFile; fileRef = 72C182C7279BDE8C002D8827 /* SceneDelegate.swift */; };
		72C182CA279BDE8C002D8827 /* ViewController.swift in Sources */ = {isa = PBXBuildFile; fileRef = 72C182C9279BDE8C002D8827 /* ViewController.swift */; };
		72C182CD279BDE8C002D8827 /* Main.storyboard in Resources */ = {isa = PBXBuildFile; fileRef = 72C182CB279BDE8C002D8827 /* Main.storyboard */; };
		72C182CF279BDE8E002D8827 /* Assets.xcassets in Resources */ = {isa = PBXBuildFile; fileRef = 72C182CE279BDE8E002D8827 /* Assets.xcassets */; };
		72C182D2279BDE8E002D8827 /* LaunchScreen.storyboard in Resources */ = {isa = PBXBuildFile; fileRef = 72C182D0279BDE8E002D8827 /* LaunchScreen.storyboard */; };
		72C182F7279BDEC3002D8827 /* CometAnimation.swift in Sources */ = {isa = PBXBuildFile; fileRef = 72C182F6279BDEC3002D8827 /* CometAnimation.swift */; };
		72C182FA279BDFB3002D8827 /* SplashScreen.swift in Sources */ = {isa = PBXBuildFile; fileRef = 72C182F8279BDFB3002D8827 /* SplashScreen.swift */; };
		72C182FB279BDFB3002D8827 /* SplashScreen.xib in Resources */ = {isa = PBXBuildFile; fileRef = 72C182F9279BDFB3002D8827 /* SplashScreen.xib */; };
/* End PBXBuildFile section */

/* Begin PBXContainerItemProxy section */
		72C182D9279BDE8F002D8827 /* PBXContainerItemProxy */ = {
			isa = PBXContainerItemProxy;
			containerPortal = 72C182BA279BDE8B002D8827 /* Project object */;
			proxyType = 1;
			remoteGlobalIDString = 72C182C1279BDE8C002D8827;
			remoteInfo = CometAction;
		};
		72C182E3279BDE8F002D8827 /* PBXContainerItemProxy */ = {
			isa = PBXContainerItemProxy;
			containerPortal = 72C182BA279BDE8B002D8827 /* Project object */;
			proxyType = 1;
			remoteGlobalIDString = 72C182C1279BDE8C002D8827;
			remoteInfo = CometAction;
		};
/* End PBXContainerItemProxy section */

/* Begin PBXFileReference section */
		72C182C2279BDE8C002D8827 /* CometAction.app */ = {isa = PBXFileReference; explicitFileType = wrapper.application; includeInIndex = 0; path = CometAction.app; sourceTree = BUILT_PRODUCTS_DIR; };
		72C182C5279BDE8C002D8827 /* AppDelegate.swift */ = {isa = PBXFileReference; lastKnownFileType = sourcecode.swift; path = AppDelegate.swift; sourceTree = "<group>"; };
		72C182C7279BDE8C002D8827 /* SceneDelegate.swift */ = {isa = PBXFileReference; lastKnownFileType = sourcecode.swift; path = SceneDelegate.swift; sourceTree = "<group>"; };
		72C182C9279BDE8C002D8827 /* ViewController.swift */ = {isa = PBXFileReference; lastKnownFileType = sourcecode.swift; path = ViewController.swift; sourceTree = "<group>"; };
		72C182CC279BDE8C002D8827 /* Base */ = {isa = PBXFileReference; lastKnownFileType = file.storyboard; name = Base; path = Base.lproj/Main.storyboard; sourceTree = "<group>"; };
		72C182CE279BDE8E002D8827 /* Assets.xcassets */ = {isa = PBXFileReference; lastKnownFileType = folder.assetcatalog; path = Assets.xcassets; sourceTree = "<group>"; };
		72C182D1279BDE8E002D8827 /* Base */ = {isa = PBXFileReference; lastKnownFileType = file.storyboard; name = Base; path = Base.lproj/LaunchScreen.storyboard; sourceTree = "<group>"; };
		72C182D3279BDE8E002D8827 /* Info.plist */ = {isa = PBXFileReference; lastKnownFileType = text.plist.xml; path = Info.plist; sourceTree = "<group>"; };
		72C182D8279BDE8F002D8827 /* CometActionTests.xctest */ = {isa = PBXFileReference; explicitFileType = wrapper.cfbundle; includeInIndex = 0; path = CometActionTests.xctest; sourceTree = BUILT_PRODUCTS_DIR; };
		72C182E2279BDE8F002D8827 /* CometActionUITests.xctest */ = {isa = PBXFileReference; explicitFileType = wrapper.cfbundle; includeInIndex = 0; path = CometActionUITests.xctest; sourceTree = BUILT_PRODUCTS_DIR; };
		72C182F6279BDEC3002D8827 /* CometAnimation.swift */ = {isa = PBXFileReference; fileEncoding = 4; lastKnownFileType = sourcecode.swift; path = CometAnimation.swift; sourceTree = "<group>"; };
		72C182F8279BDFB3002D8827 /* SplashScreen.swift */ = {isa = PBXFileReference; lastKnownFileType = sourcecode.swift; path = SplashScreen.swift; sourceTree = "<group>"; };
		72C182F9279BDFB3002D8827 /* SplashScreen.xib */ = {isa = PBXFileReference; lastKnownFileType = file.xib; path = SplashScreen.xib; sourceTree = "<group>"; };
/* End PBXFileReference section */

/* Begin PBXFrameworksBuildPhase section */
		72C182BF279BDE8C002D8827 /* Frameworks */ = {
			isa = PBXFrameworksBuildPhase;
			buildActionMask = 2147483647;
			files = (
			);
			runOnlyForDeploymentPostprocessing = 0;
		};
		72C182D5279BDE8F002D8827 /* Frameworks */ = {
			isa = PBXFrameworksBuildPhase;
			buildActionMask = 2147483647;
			files = (
			);
			runOnlyForDeploymentPostprocessing = 0;
		};
		72C182DF279BDE8F002D8827 /* Frameworks */ = {
			isa = PBXFrameworksBuildPhase;
			buildActionMask = 2147483647;
			files = (
			);
			runOnlyForDeploymentPostprocessing = 0;
		};
/* End PBXFrameworksBuildPhase section */

/* Begin PBXGroup section */
		72C182B9279BDE8B002D8827 = {
			isa = PBXGroup;
			children = (
				72C182C4279BDE8C002D8827 /* CometAction */,
				72C182C3279BDE8C002D8827 /* Products */,
			);
			sourceTree = "<group>";
		};
		72C182C3279BDE8C002D8827 /* Products */ = {
			isa = PBXGroup;
			children = (
				72C182C2279BDE8C002D8827 /* CometAction.app */,
				72C182D8279BDE8F002D8827 /* CometActionTests.xctest */,
				72C182E2279BDE8F002D8827 /* CometActionUITests.xctest */,
			);
			name = Products;
			sourceTree = "<group>";
		};
		72C182C4279BDE8C002D8827 /* CometAction */ = {
			isa = PBXGroup;
			children = (
				72C182F5279BDE9D002D8827 /* CometAnimationScript */,
				72C182C5279BDE8C002D8827 /* AppDelegate.swift */,
				72C182C7279BDE8C002D8827 /* SceneDelegate.swift */,
				72C182C9279BDE8C002D8827 /* ViewController.swift */,
				72C182F8279BDFB3002D8827 /* SplashScreen.swift */,
				72C182F9279BDFB3002D8827 /* SplashScreen.xib */,
				72C182CB279BDE8C002D8827 /* Main.storyboard */,
				72C182CE279BDE8E002D8827 /* Assets.xcassets */,
				72C182D0279BDE8E002D8827 /* LaunchScreen.storyboard */,
				72C182D3279BDE8E002D8827 /* Info.plist */,
			);
			path = CometAction;
			sourceTree = "<group>";
		};
		72C182F5279BDE9D002D8827 /* CometAnimationScript */ = {
			isa = PBXGroup;
			children = (
				72C182F6279BDEC3002D8827 /* CometAnimation.swift */,
			);
			path = CometAnimationScript;
			sourceTree = "<group>";
		};
/* End PBXGroup section */

/* Begin PBXNativeTarget section */
		72C182C1279BDE8C002D8827 /* CometAction */ = {
			isa = PBXNativeTarget;
			buildConfigurationList = 72C182EC279BDE8F002D8827 /* Build configuration list for PBXNativeTarget "CometAction" */;
			buildPhases = (
				72C182BE279BDE8C002D8827 /* Sources */,
				72C182BF279BDE8C002D8827 /* Frameworks */,
				72C182C0279BDE8C002D8827 /* Resources */,
			);
			buildRules = (
			);
			dependencies = (
			);
			name = CometAction;
			productName = CometAction;
			productReference = 72C182C2279BDE8C002D8827 /* CometAction.app */;
			productType = "com.apple.product-type.application";
		};
		72C182D7279BDE8F002D8827 /* CometActionTests */ = {
			isa = PBXNativeTarget;
			buildConfigurationList = 72C182EF279BDE8F002D8827 /* Build configuration list for PBXNativeTarget "CometActionTests" */;
			buildPhases = (
				72C182D4279BDE8F002D8827 /* Sources */,
				72C182D5279BDE8F002D8827 /* Frameworks */,
				72C182D6279BDE8F002D8827 /* Resources */,
			);
			buildRules = (
			);
			dependencies = (
				72C182DA279BDE8F002D8827 /* PBXTargetDependency */,
			);
			name = CometActionTests;
			productName = CometActionTests;
			productReference = 72C182D8279BDE8F002D8827 /* CometActionTests.xctest */;
			productType = "com.apple.product-type.bundle.unit-test";
		};
		72C182E1279BDE8F002D8827 /* CometActionUITests */ = {
			isa = PBXNativeTarget;
			buildConfigurationList = 72C182F2279BDE8F002D8827 /* Build configuration list for PBXNativeTarget "CometActionUITests" */;
			buildPhases = (
				72C182DE279BDE8F002D8827 /* Sources */,
				72C182DF279BDE8F002D8827 /* Frameworks */,
				72C182E0279BDE8F002D8827 /* Resources */,
			);
			buildRules = (
			);
			dependencies = (
				72C182E4279BDE8F002D8827 /* PBXTargetDependency */,
			);
			name = CometActionUITests;
			productName = CometActionUITests;
			productReference = 72C182E2279BDE8F002D8827 /* CometActionUITests.xctest */;
			productType = "com.apple.product-type.bundle.ui-testing";
		};
/* End PBXNativeTarget section */

/* Begin PBXProject section */
		72C182BA279BDE8B002D8827 /* Project object */ = {
			isa = PBXProject;
			attributes = {
				BuildIndependentTargetsInParallel = 1;
				LastSwiftUpdateCheck = 1320;
				LastUpgradeCheck = 1320;
				TargetAttributes = {
					72C182C1279BDE8C002D8827 = {
						CreatedOnToolsVersion = 13.2.1;
					};
					72C182D7279BDE8F002D8827 = {
						CreatedOnToolsVersion = 13.2.1;
						TestTargetID = 72C182C1279BDE8C002D8827;
					};
					72C182E1279BDE8F002D8827 = {
						CreatedOnToolsVersion = 13.2.1;
						TestTargetID = 72C182C1279BDE8C002D8827;
					};
				};
			};
			buildConfigurationList = 72C182BD279BDE8B002D8827 /* Build configuration list for PBXProject "CometAction" */;
			compatibilityVersion = "Xcode 13.0";
			developmentRegion = en;
			hasScannedForEncodings = 0;
			knownRegions = (
				en,
				Base,
			);
			mainGroup = 72C182B9279BDE8B002D8827;
			productRefGroup = 72C182C3279BDE8C002D8827 /* Products */;
			projectDirPath = "";
			projectRoot = "";
			targets = (
				72C182C1279BDE8C002D8827 /* CometAction */,
				72C182D7279BDE8F002D8827 /* CometActionTests */,
				72C182E1279BDE8F002D8827 /* CometActionUITests */,
			);
		};
/* End PBXProject section */

/* Begin PBXResourcesBuildPhase section */
		72C182C0279BDE8C002D8827 /* Resources */ = {
			isa = PBXResourcesBuildPhase;
			buildActionMask = 2147483647;
			files = (
				72C182FB279BDFB3002D8827 /* SplashScreen.xib in Resources */,
				72C182D2279BDE8E002D8827 /* LaunchScreen.storyboard in Resources */,
				72C182CF279BDE8E002D8827 /* Assets.xcassets in Resources */,
				72C182CD279BDE8C002D8827 /* Main.storyboard in Resources */,
			);
			runOnlyForDeploymentPostprocessing = 0;
		};
		72C182D6279BDE8F002D8827 /* Resources */ = {
			isa = PBXResourcesBuildPhase;
			buildActionMask = 2147483647;
			files = (
			);
			runOnlyForDeploymentPostprocessing = 0;
		};
		72C182E0279BDE8F002D8827 /* Resources */ = {
			isa = PBXResourcesBuildPhase;
			buildActionMask = 2147483647;
			files = (
			);
			runOnlyForDeploymentPostprocessing = 0;
		};
/* End PBXResourcesBuildPhase section */

/* Begin PBXSourcesBuildPhase section */
		72C182BE279BDE8C002D8827 /* Sources */ = {
			isa = PBXSourcesBuildPhase;
			buildActionMask = 2147483647;
			files = (
				72C182FA279BDFB3002D8827 /* SplashScreen.swift in Sources */,
				72C182CA279BDE8C002D8827 /* ViewController.swift in Sources */,
				72C182C6279BDE8C002D8827 /* AppDelegate.swift in Sources */,
				72C182C8279BDE8C002D8827 /* SceneDelegate.swift in Sources */,
				72C182F7279BDEC3002D8827 /* CometAnimation.swift in Sources */,
			);
			runOnlyForDeploymentPostprocessing = 0;
		};
		72C182D4279BDE8F002D8827 /* Sources */ = {
			isa = PBXSourcesBuildPhase;
			buildActionMask = 2147483647;
			files = (
			);
			runOnlyForDeploymentPostprocessing = 0;
		};
		72C182DE279BDE8F002D8827 /* Sources */ = {
			isa = PBXSourcesBuildPhase;
			buildActionMask = 2147483647;
			files = (
			);
			runOnlyForDeploymentPostprocessing = 0;
		};
/* End PBXSourcesBuildPhase section */

/* Begin PBXTargetDependency section */
		72C182DA279BDE8F002D8827 /* PBXTargetDependency */ = {
			isa = PBXTargetDependency;
			target = 72C182C1279BDE8C002D8827 /* CometAction */;
			targetProxy = 72C182D9279BDE8F002D8827 /* PBXContainerItemProxy */;
		};
		72C182E4279BDE8F002D8827 /* PBXTargetDependency */ = {
			isa = PBXTargetDependency;
			target = 72C182C1279BDE8C002D8827 /* CometAction */;
			targetProxy = 72C182E3279BDE8F002D8827 /* PBXContainerItemProxy */;
		};
/* End PBXTargetDependency section */

/* Begin PBXVariantGroup section */
		72C182CB279BDE8C002D8827 /* Main.storyboard */ = {
			isa = PBXVariantGroup;
			children = (
				72C182CC279BDE8C002D8827 /* Base */,
			);
			name = Main.storyboard;
			sourceTree = "<group>";
		};
		72C182D0279BDE8E002D8827 /* LaunchScreen.storyboard */ = {
			isa = PBXVariantGroup;
			children = (
				72C182D1279BDE8E002D8827 /* Base */,
			);
			name = LaunchScreen.storyboard;
			sourceTree = "<group>";
		};
/* End PBXVariantGroup section */

/* Begin XCBuildConfiguration section */
		72C182EA279BDE8F002D8827 /* Debug */ = {
			isa = XCBuildConfiguration;
			buildSettings = {
				ALWAYS_SEARCH_USER_PATHS = NO;
				CLANG_ANALYZER_NONNULL = YES;
				CLANG_ANALYZER_NUMBER_OBJECT_CONVERSION = YES_AGGRESSIVE;
				CLANG_CXX_LANGUAGE_STANDARD = "gnu++17";
				CLANG_CXX_LIBRARY = "libc++";
				CLANG_ENABLE_MODULES = YES;
				CLANG_ENABLE_OBJC_ARC = YES;
				CLANG_ENABLE_OBJC_WEAK = YES;
				CLANG_WARN_BLOCK_CAPTURE_AUTORELEASING = YES;
				CLANG_WARN_BOOL_CONVERSION = YES;
				CLANG_WARN_COMMA = YES;
				CLANG_WARN_CONSTANT_CONVERSION = YES;
				CLANG_WARN_DEPRECATED_OBJC_IMPLEMENTATIONS = YES;
				CLANG_WARN_DIRECT_OBJC_ISA_USAGE = YES_ERROR;
				CLANG_WARN_DOCUMENTATION_COMMENTS = YES;
				CLANG_WARN_EMPTY_BODY = YES;
				CLANG_WARN_ENUM_CONVERSION = YES;
				CLANG_WARN_INFINITE_RECURSION = YES;
				CLANG_WARN_INT_CONVERSION = YES;
				CLANG_WARN_NON_LITERAL_NULL_CONVERSION = YES;
				CLANG_WARN_OBJC_IMPLICIT_RETAIN_SELF = YES;
				CLANG_WARN_OBJC_LITERAL_CONVERSION = YES;
				CLANG_WARN_OBJC_ROOT_CLASS = YES_ERROR;
				CLANG_WARN_QUOTED_INCLUDE_IN_FRAMEWORK_HEADER = YES;
				CLANG_WARN_RANGE_LOOP_ANALYSIS = YES;
				CLANG_WARN_STRICT_PROTOTYPES = YES;
				CLANG_WARN_SUSPICIOUS_MOVE = YES;
				CLANG_WARN_UNGUARDED_AVAILABILITY = YES_AGGRESSIVE;
				CLANG_WARN_UNREACHABLE_CODE = YES;
				CLANG_WARN__DUPLICATE_METHOD_MATCH = YES;
				COPY_PHASE_STRIP = NO;
				DEBUG_INFORMATION_FORMAT = dwarf;
				ENABLE_STRICT_OBJC_MSGSEND = YES;
				ENABLE_TESTABILITY = YES;
				GCC_C_LANGUAGE_STANDARD = gnu11;
				GCC_DYNAMIC_NO_PIC = NO;
				GCC_NO_COMMON_BLOCKS = YES;
				GCC_OPTIMIZATION_LEVEL = 0;
				GCC_PREPROCESSOR_DEFINITIONS = (
					"DEBUG=1",
					"$(inherited)",
				);
				GCC_WARN_64_TO_32_BIT_CONVERSION = YES;
				GCC_WARN_ABOUT_RETURN_TYPE = YES_ERROR;
				GCC_WARN_UNDECLARED_SELECTOR = YES;
				GCC_WARN_UNINITIALIZED_AUTOS = YES_AGGRESSIVE;
				GCC_WARN_UNUSED_FUNCTION = YES;
				GCC_WARN_UNUSED_VARIABLE = YES;
				IPHONEOS_DEPLOYMENT_TARGET = 15.2;
				MTL_ENABLE_DEBUG_INFO = INCLUDE_SOURCE;
				MTL_FAST_MATH = YES;
				ONLY_ACTIVE_ARCH = YES;
				SDKROOT = iphoneos;
				SWIFT_ACTIVE_COMPILATION_CONDITIONS = DEBUG;
				SWIFT_OPTIMIZATION_LEVEL = "-Onone";
			};
			name = Debug;
		};
		72C182EB279BDE8F002D8827 /* Release */ = {
			isa = XCBuildConfiguration;
			buildSettings = {
				ALWAYS_SEARCH_USER_PATHS = NO;
				CLANG_ANALYZER_NONNULL = YES;
				CLANG_ANALYZER_NUMBER_OBJECT_CONVERSION = YES_AGGRESSIVE;
				CLANG_CXX_LANGUAGE_STANDARD = "gnu++17";
				CLANG_CXX_LIBRARY = "libc++";
				CLANG_ENABLE_MODULES = YES;
				CLANG_ENABLE_OBJC_ARC = YES;
				CLANG_ENABLE_OBJC_WEAK = YES;
				CLANG_WARN_BLOCK_CAPTURE_AUTORELEASING = YES;
				CLANG_WARN_BOOL_CONVERSION = YES;
				CLANG_WARN_COMMA = YES;
				CLANG_WARN_CONSTANT_CONVERSION = YES;
				CLANG_WARN_DEPRECATED_OBJC_IMPLEMENTATIONS = YES;
				CLANG_WARN_DIRECT_OBJC_ISA_USAGE = YES_ERROR;
				CLANG_WARN_DOCUMENTATION_COMMENTS = YES;
				CLANG_WARN_EMPTY_BODY = YES;
				CLANG_WARN_ENUM_CONVERSION = YES;
				CLANG_WARN_INFINITE_RECURSION = YES;
				CLANG_WARN_INT_CONVERSION = YES;
				CLANG_WARN_NON_LITERAL_NULL_CONVERSION = YES;
				CLANG_WARN_OBJC_IMPLICIT_RETAIN_SELF = YES;
				CLANG_WARN_OBJC_LITERAL_CONVERSION = YES;
				CLANG_WARN_OBJC_ROOT_CLASS = YES_ERROR;
				CLANG_WARN_QUOTED_INCLUDE_IN_FRAMEWORK_HEADER = YES;
				CLANG_WARN_RANGE_LOOP_ANALYSIS = YES;
				CLANG_WARN_STRICT_PROTOTYPES = YES;
				CLANG_WARN_SUSPICIOUS_MOVE = YES;
				CLANG_WARN_UNGUARDED_AVAILABILITY = YES_AGGRESSIVE;
				CLANG_WARN_UNREACHABLE_CODE = YES;
				CLANG_WARN__DUPLICATE_METHOD_MATCH = YES;
				COPY_PHASE_STRIP = NO;
				DEBUG_INFORMATION_FORMAT = "dwarf-with-dsym";
				ENABLE_NS_ASSERTIONS = NO;
				ENABLE_STRICT_OBJC_MSGSEND = YES;
				GCC_C_LANGUAGE_STANDARD = gnu11;
				GCC_NO_COMMON_BLOCKS = YES;
				GCC_WARN_64_TO_32_BIT_CONVERSION = YES;
				GCC_WARN_ABOUT_RETURN_TYPE = YES_ERROR;
				GCC_WARN_UNDECLARED_SELECTOR = YES;
				GCC_WARN_UNINITIALIZED_AUTOS = YES_AGGRESSIVE;
				GCC_WARN_UNUSED_FUNCTION = YES;
				GCC_WARN_UNUSED_VARIABLE = YES;
				IPHONEOS_DEPLOYMENT_TARGET = 15.2;
				MTL_ENABLE_DEBUG_INFO = NO;
				MTL_FAST_MATH = YES;
				SDKROOT = iphoneos;
				SWIFT_COMPILATION_MODE = wholemodule;
				SWIFT_OPTIMIZATION_LEVEL = "-O";
				VALIDATE_PRODUCT = YES;
			};
			name = Release;
		};
		72C182ED279BDE8F002D8827 /* Debug */ = {
			isa = XCBuildConfiguration;
			buildSettings = {
				ASSETCATALOG_COMPILER_APPICON_NAME = AppIcon;
				ASSETCATALOG_COMPILER_GLOBAL_ACCENT_COLOR_NAME = AccentColor;
				CODE_SIGN_STYLE = Automatic;
				CURRENT_PROJECT_VERSION = 1;
				DEVELOPMENT_TEAM = LX6FM7A779;
				GENERATE_INFOPLIST_FILE = YES;
				INFOPLIST_FILE = CometAction/Info.plist;
				INFOPLIST_KEY_UIApplicationSupportsIndirectInputEvents = YES;
				INFOPLIST_KEY_UILaunchStoryboardName = LaunchScreen;
				INFOPLIST_KEY_UIMainStoryboardFile = Main;
				INFOPLIST_KEY_UISupportedInterfaceOrientations_iPad = "UIInterfaceOrientationPortrait UIInterfaceOrientationPortraitUpsideDown UIInterfaceOrientationLandscapeLeft UIInterfaceOrientationLandscapeRight";
				INFOPLIST_KEY_UISupportedInterfaceOrientations_iPhone = "UIInterfaceOrientationPortrait UIInterfaceOrientationLandscapeLeft UIInterfaceOrientationLandscapeRight";
				LD_RUNPATH_SEARCH_PATHS = (
					"$(inherited)",
					"@executable_path/Frameworks",
				);
				MARKETING_VERSION = 1.0;
				PRODUCT_BUNDLE_IDENTIFIER = com.CometAction;
				PRODUCT_NAME = "$(TARGET_NAME)";
				SWIFT_EMIT_LOC_STRINGS = YES;
				SWIFT_VERSION = 5.0;
				TARGETED_DEVICE_FAMILY = "1,2";
			};
			name = Debug;
		};
		72C182EE279BDE8F002D8827 /* Release */ = {
			isa = XCBuildConfiguration;
			buildSettings = {
				ASSETCATALOG_COMPILER_APPICON_NAME = AppIcon;
				ASSETCATALOG_COMPILER_GLOBAL_ACCENT_COLOR_NAME = AccentColor;
				CODE_SIGN_STYLE = Automatic;
				CURRENT_PROJECT_VERSION = 1;
				DEVELOPMENT_TEAM = LX6FM7A779;
				GENERATE_INFOPLIST_FILE = YES;
				INFOPLIST_FILE = CometAction/Info.plist;
				INFOPLIST_KEY_UIApplicationSupportsIndirectInputEvents = YES;
				INFOPLIST_KEY_UILaunchStoryboardName = LaunchScreen;
				INFOPLIST_KEY_UIMainStoryboardFile = Main;
				INFOPLIST_KEY_UISupportedInterfaceOrientations_iPad = "UIInterfaceOrientationPortrait UIInterfaceOrientationPortraitUpsideDown UIInterfaceOrientationLandscapeLeft UIInterfaceOrientationLandscapeRight";
				INFOPLIST_KEY_UISupportedInterfaceOrientations_iPhone = "UIInterfaceOrientationPortrait UIInterfaceOrientationLandscapeLeft UIInterfaceOrientationLandscapeRight";
				LD_RUNPATH_SEARCH_PATHS = (
					"$(inherited)",
					"@executable_path/Frameworks",
				);
				MARKETING_VERSION = 1.0;
				PRODUCT_BUNDLE_IDENTIFIER = com.CometAction;
				PRODUCT_NAME = "$(TARGET_NAME)";
				SWIFT_EMIT_LOC_STRINGS = YES;
				SWIFT_VERSION = 5.0;
				TARGETED_DEVICE_FAMILY = "1,2";
			};
			name = Release;
		};
		72C182F0279BDE8F002D8827 /* Debug */ = {
			isa = XCBuildConfiguration;
			buildSettings = {
				ALWAYS_EMBED_SWIFT_STANDARD_LIBRARIES = YES;
				BUNDLE_LOADER = "$(TEST_HOST)";
				CODE_SIGN_STYLE = Automatic;
				CURRENT_PROJECT_VERSION = 1;
				DEVELOPMENT_TEAM = LX6FM7A779;
				GENERATE_INFOPLIST_FILE = YES;
				IPHONEOS_DEPLOYMENT_TARGET = 15.2;
				MARKETING_VERSION = 1.0;
				PRODUCT_BUNDLE_IDENTIFIER = com.CometActionTests;
				PRODUCT_NAME = "$(TARGET_NAME)";
				SWIFT_EMIT_LOC_STRINGS = NO;
				SWIFT_VERSION = 5.0;
				TARGETED_DEVICE_FAMILY = "1,2";
				TEST_HOST = "$(BUILT_PRODUCTS_DIR)/CometAction.app/CometAction";
			};
			name = Debug;
		};
		72C182F1279BDE8F002D8827 /* Release */ = {
			isa = XCBuildConfiguration;
			buildSettings = {
				ALWAYS_EMBED_SWIFT_STANDARD_LIBRARIES = YES;
				BUNDLE_LOADER = "$(TEST_HOST)";
				CODE_SIGN_STYLE = Automatic;
				CURRENT_PROJECT_VERSION = 1;
				DEVELOPMENT_TEAM = LX6FM7A779;
				GENERATE_INFOPLIST_FILE = YES;
				IPHONEOS_DEPLOYMENT_TARGET = 15.2;
				MARKETING_VERSION = 1.0;
				PRODUCT_BUNDLE_IDENTIFIER = com.CometActionTests;
				PRODUCT_NAME = "$(TARGET_NAME)";
				SWIFT_EMIT_LOC_STRINGS = NO;
				SWIFT_VERSION = 5.0;
				TARGETED_DEVICE_FAMILY = "1,2";
				TEST_HOST = "$(BUILT_PRODUCTS_DIR)/CometAction.app/CometAction";
			};
			name = Release;
		};
		72C182F3279BDE8F002D8827 /* Debug */ = {
			isa = XCBuildConfiguration;
			buildSettings = {
				ALWAYS_EMBED_SWIFT_STANDARD_LIBRARIES = YES;
				CODE_SIGN_STYLE = Automatic;
				CURRENT_PROJECT_VERSION = 1;
				DEVELOPMENT_TEAM = LX6FM7A779;
				GENERATE_INFOPLIST_FILE = YES;
				MARKETING_VERSION = 1.0;
				PRODUCT_BUNDLE_IDENTIFIER = com.CometActionUITests;
				PRODUCT_NAME = "$(TARGET_NAME)";
				SWIFT_EMIT_LOC_STRINGS = NO;
				SWIFT_VERSION = 5.0;
				TARGETED_DEVICE_FAMILY = "1,2";
				TEST_TARGET_NAME = CometAction;
			};
			name = Debug;
		};
		72C182F4279BDE8F002D8827 /* Release */ = {
			isa = XCBuildConfiguration;
			buildSettings = {
				ALWAYS_EMBED_SWIFT_STANDARD_LIBRARIES = YES;
				CODE_SIGN_STYLE = Automatic;
				CURRENT_PROJECT_VERSION = 1;
				DEVELOPMENT_TEAM = LX6FM7A779;
				GENERATE_INFOPLIST_FILE = YES;
				MARKETING_VERSION = 1.0;
				PRODUCT_BUNDLE_IDENTIFIER = com.CometActionUITests;
				PRODUCT_NAME = "$(TARGET_NAME)";
				SWIFT_EMIT_LOC_STRINGS = NO;
				SWIFT_VERSION = 5.0;
				TARGETED_DEVICE_FAMILY = "1,2";
				TEST_TARGET_NAME = CometAction;
			};
			name = Release;
		};
/* End XCBuildConfiguration section */

/* Begin XCConfigurationList section */
		72C182BD279BDE8B002D8827 /* Build configuration list for PBXProject "CometAction" */ = {
			isa = XCConfigurationList;
			buildConfigurations = (
				72C182EA279BDE8F002D8827 /* Debug */,
				72C182EB279BDE8F002D8827 /* Release */,
			);
			defaultConfigurationIsVisible = 0;
			defaultConfigurationName = Release;
		};
		72C182EC279BDE8F002D8827 /* Build configuration list for PBXNativeTarget "CometAction" */ = {
			isa = XCConfigurationList;
			buildConfigurations = (
				72C182ED279BDE8F002D8827 /* Debug */,
				72C182EE279BDE8F002D8827 /* Release */,
			);
			defaultConfigurationIsVisible = 0;
			defaultConfigurationName = Release;
		};
		72C182EF279BDE8F002D8827 /* Build configuration list for PBXNativeTarget "CometActionTests" */ = {
			isa = XCConfigurationList;
			buildConfigurations = (
				72C182F0279BDE8F002D8827 /* Debug */,
				72C182F1279BDE8F002D8827 /* Release */,
			);
			defaultConfigurationIsVisible = 0;
			defaultConfigurationName = Release;
		};
		72C182F2279BDE8F002D8827 /* Build configuration list for PBXNativeTarget "CometActionUITests" */ = {
			isa = XCConfigurationList;
			buildConfigurations = (
				72C182F3279BDE8F002D8827 /* Debug */,
				72C182F4279BDE8F002D8827 /* Release */,
			);
			defaultConfigurationIsVisible = 0;
			defaultConfigurationName = Release;
		};
/* End XCConfigurationList section */
	};
	rootObject = 72C182BA279BDE8B002D8827 /* Project object */;
}
